PODS:
  - Flutter (1.0.0)
  - flutter_boost (0.0.2):
    - Flutter
  - FlutterPluginRegistrant (0.0.1):
    - Flutter
    - flutter_boost
    - fluttertoast
    - shared_preferences
  - fluttertoast (0.0.2):
    - Flutter
    - Toast
  - kai_flutter_demo_module (0.0.1):
    - Flutter
  - shared_preferences (0.0.1):
    - Flutter
  - Toast (4.0.0)

DEPENDENCIES:
  - Flutter (from `../kai_flutter_demo_module/.ios/Flutter/engine`)
  - flutter_boost (from `../kai_flutter_demo_module/.ios/.symlinks/plugins/flutter_boost/ios`)
  - FlutterPluginRegistrant (from `../kai_flutter_demo_module/.ios/Flutter/FlutterPluginRegistrant`)
  - fluttertoast (from `../kai_flutter_demo_module/.ios/.symlinks/plugins/fluttertoast/ios`)
  - kai_flutter_demo_module (from `../kai_flutter_demo_module/.ios/Flutter`)
  - shared_preferences (from `../kai_flutter_demo_module/.ios/.symlinks/plugins/shared_preferences/ios`)

SPEC REPOS:
  trunk:
    - Toast

EXTERNAL SOURCES:
  Flutter:
    :path: "../kai_flutter_demo_module/.ios/Flutter/engine"
  flutter_boost:
    :path: "../kai_flutter_demo_module/.ios/.symlinks/plugins/flutter_boost/ios"
  FlutterPluginRegistrant:
    :path: "../kai_flutter_demo_module/.ios/Flutter/FlutterPluginRegistrant"
  fluttertoast:
    :path: "../kai_flutter_demo_module/.ios/.symlinks/plugins/fluttertoast/ios"
  kai_flutter_demo_module:
    :path: "../kai_flutter_demo_module/.ios/Flutter"
  shared_preferences:
    :path: "../kai_flutter_demo_module/.ios/.symlinks/plugins/shared_preferences/ios"

SPEC CHECKSUMS:
  Flutter: bdfa2e8fe0e2880a2c6a58a0b1a8675c262a07af
  flutter_boost: 1b5f53a54ba73726829691db891e85f40b4f6494
  FlutterPluginRegistrant: 4fe491be7700b0ec9c6f25032613e481586dfff3
  fluttertoast: 6122fa75143e992b1d3470f61000f591a798cc58
  kai_flutter_demo_module: 9fc425e896cf0bc7d5e00d32617a703f6ac132fa
  shared_preferences: af6bfa751691cdc24be3045c43ec037377ada40d
  Toast: 91b396c56ee72a5790816f40d3a94dd357abc196

PODFILE CHECKSUM: f11df25a4d5c30de240ae6afb4f9c9c179bf269f

COCOAPODS: 1.10.1
