PODS:
  - Flutter (1.0.0)
  - FlutterPluginRegistrant (0.0.1):
    - Flutter
    - fluttertoast
    - shared_preferences
  - fluttertoast (0.0.2):
    - Flutter
    - Toast
  - kai_flutter_demo_module (0.0.1):
    - Flutter
  - shared_preferences (0.0.1):
    - Flutter
  - Toast (4.0.0)

DEPENDENCIES:
  - Flutter (from `../kai_flutter_demo_module/.ios/Flutter/engine`)
  - FlutterPluginRegistrant (from `../kai_flutter_demo_module/.ios/Flutter/FlutterPluginRegistrant`)
  - fluttertoast (from `../kai_flutter_demo_module/.ios/.symlinks/plugins/fluttertoast/ios`)
  - kai_flutter_demo_module (from `../kai_flutter_demo_module/.ios/Flutter`)
  - shared_preferences (from `../kai_flutter_demo_module/.ios/.symlinks/plugins/shared_preferences/ios`)

SPEC REPOS:
  trunk:
    - Toast

EXTERNAL SOURCES:
  Flutter:
    :path: "../kai_flutter_demo_module/.ios/Flutter/engine"
  FlutterPluginRegistrant:
    :path: "../kai_flutter_demo_module/.ios/Flutter/FlutterPluginRegistrant"
  fluttertoast:
    :path: "../kai_flutter_demo_module/.ios/.symlinks/plugins/fluttertoast/ios"
  kai_flutter_demo_module:
    :path: "../kai_flutter_demo_module/.ios/Flutter"
  shared_preferences:
    :path: "../kai_flutter_demo_module/.ios/.symlinks/plugins/shared_preferences/ios"

SPEC CHECKSUMS:
  Flutter: ac41d61a47ae5bf8195a5598d2d63754888ec0d5
  FlutterPluginRegistrant: c287cfad06312f1721bc0ac4d3271b23cc7da00f
  fluttertoast: 6122fa75143e992b1d3470f61000f591a798cc58
  kai_flutter_demo_module: 9fc425e896cf0bc7d5e00d32617a703f6ac132fa
  shared_preferences: af6bfa751691cdc24be3045c43ec037377ada40d
  Toast: 91b396c56ee72a5790816f40d3a94dd357abc196

PODFILE CHECKSUM: f11df25a4d5c30de240ae6afb4f9c9c179bf269f

COCOAPODS: 1.10.1
